
Microsoft Visual Studio Solution File, Format Version 12.00
# Visual Studio Version 16
VisualStudioVersion = 16.0.34407.143
MinimumVisualStudioVersion = 10.0.40219.1
Project("{FAE04EC0-301F-11D3-BF4B-00C04F79EFBC}") = "p2753", "p2753\p2753.csproj", "{16D38D7B-2675-4263-B7B3-9DAA7EA3751E}"
EndProject
Global
	GlobalSection(SolutionConfigurationPlatforms) = preSolution
		Debug|Any CPU = Debug|Any CPU
		Release|Any CPU = Release|Any CPU
	EndGlobalSection
	GlobalSection(ProjectConfigurationPlatforms) = postSolution
		{16D38D7B-2675-4263-B7B3-9DAA7EA3751E}.Debug|Any CPU.ActiveCfg = Debug|Any CPU
		{16D38D7B-2675-4263-B7B3-9DAA7EA3751E}.Debug|Any CPU.Build.0 = Debug|Any CPU
		{16D38D7B-2675-4263-B7B3-9DAA7EA3751E}.Release|Any CPU.ActiveCfg = Release|Any CPU
		{16D38D7B-2675-4263-B7B3-9DAA7EA3751E}.Release|Any CPU.Build.0 = Release|Any CPU
	EndGlobalSection
	GlobalSection(SolutionProperties) = preSolution
		HideSolutionNode = FALSE
	EndGlobalSection
	GlobalSection(ExtensibilityGlobals) = postSolution
		SolutionGuid = {D4181285-31D6-4139-A191-BF11DB15A1E6}
	EndGlobalSection
EndGlobal
