
Microsoft Visual Studio Solution File, Format Version 12.00
# Visual Studio Version 16
VisualStudioVersion = 16.0.34407.143
MinimumVisualStudioVersion = 10.0.40219.1
Project("{FAE04EC0-301F-11D3-BF4B-00C04F79EFBC}") = "ex0321_2", "ex0321_2\ex0321_2.csproj", "{F8A23C13-C96C-4BE6-AFC8-C2F9788E0764}"
EndProject
Global
	GlobalSection(SolutionConfigurationPlatforms) = preSolution
		Debug|Any CPU = Debug|Any CPU
		Release|Any CPU = Release|Any CPU
	EndGlobalSection
	GlobalSection(ProjectConfigurationPlatforms) = postSolution
		{F8A23C13-C96C-4BE6-AFC8-C2F9788E0764}.Debug|Any CPU.ActiveCfg = Debug|Any CPU
		{F8A23C13-C96C-4BE6-AFC8-C2F9788E0764}.Debug|Any CPU.Build.0 = Debug|Any CPU
		{F8A23C13-C96C-4BE6-AFC8-C2F9788E0764}.Release|Any CPU.ActiveCfg = Release|Any CPU
		{F8A23C13-C96C-4BE6-AFC8-C2F9788E0764}.Release|Any CPU.Build.0 = Release|Any CPU
	EndGlobalSection
	GlobalSection(SolutionProperties) = preSolution
		HideSolutionNode = FALSE
	EndGlobalSection
	GlobalSection(ExtensibilityGlobals) = postSolution
		SolutionGuid = {1BA6C22F-9F13-4EB9-8568-E3B2A074C673}
	EndGlobalSection
EndGlobal
