
Microsoft Visual Studio Solution File, Format Version 12.00
# Visual Studio Version 17
VisualStudioVersion = 17.9.34728.123
MinimumVisualStudioVersion = 10.0.40219.1
Project("{FAE04EC0-301F-11D3-BF4B-00C04F79EFBC}") = "LogIn", "LogIn\LogIn.csproj", "{56E1F318-50A4-4BDE-BB19-40E171A0E395}"
EndProject
Global
	GlobalSection(SolutionConfigurationPlatforms) = preSolution
		Debug|Any CPU = Debug|Any CPU
		Release|Any CPU = Release|Any CPU
	EndGlobalSection
	GlobalSection(ProjectConfigurationPlatforms) = postSolution
		{56E1F318-50A4-4BDE-BB19-40E171A0E395}.Debug|Any CPU.ActiveCfg = Debug|Any CPU
		{56E1F318-50A4-4BDE-BB19-40E171A0E395}.Debug|Any CPU.Build.0 = Debug|Any CPU
		{56E1F318-50A4-4BDE-BB19-40E171A0E395}.Release|Any CPU.ActiveCfg = Release|Any CPU
		{56E1F318-50A4-4BDE-BB19-40E171A0E395}.Release|Any CPU.Build.0 = Release|Any CPU
	EndGlobalSection
	GlobalSection(SolutionProperties) = preSolution
		HideSolutionNode = FALSE
	EndGlobalSection
	GlobalSection(ExtensibilityGlobals) = postSolution
		SolutionGuid = {843001E8-9CA0-4BA7-89BF-70D98C218588}
	EndGlobalSection
EndGlobal
